
Microsoft Visual Studio Solution File, Format Version 12.00
# Visual Studio Version 16
VisualStudioVersion = 16.0.31112.23
MinimumVisualStudioVersion = 10.0.40219.1
Project("{FAE04EC0-301F-11D3-BF4B-00C04F79EFBC}") = "RazorTeste", "RazorTeste\RazorTeste.csproj", "{B370EEAC-7BB3-475A-9FCC-477CEC486BBB}"
EndProject
Global
	GlobalSection(SolutionConfigurationPlatforms) = preSolution
		Debug|Any CPU = Debug|Any CPU
		Release|Any CPU = Release|Any CPU
	EndGlobalSection
	GlobalSection(ProjectConfigurationPlatforms) = postSolution
		{B370EEAC-7BB3-475A-9FCC-477CEC486BBB}.Debug|Any CPU.ActiveCfg = Debug|Any CPU
		{B370EEAC-7BB3-475A-9FCC-477CEC486BBB}.Debug|Any CPU.Build.0 = Debug|Any CPU
		{B370EEAC-7BB3-475A-9FCC-477CEC486BBB}.Release|Any CPU.ActiveCfg = Release|Any CPU
		{B370EEAC-7BB3-475A-9FCC-477CEC486BBB}.Release|Any CPU.Build.0 = Release|Any CPU
	EndGlobalSection
	GlobalSection(SolutionProperties) = preSolution
		HideSolutionNode = FALSE
	EndGlobalSection
	GlobalSection(ExtensibilityGlobals) = postSolution
		SolutionGuid = {A749A0AA-A262-45CB-8B53-2C747AE91B85}
	EndGlobalSection
EndGlobal
