
Microsoft Visual Studio Solution File, Format Version 12.00
# Visual Studio Version 16
VisualStudioVersion = 16.0.31229.75
MinimumVisualStudioVersion = 10.0.40219.1
Project("{FAE04EC0-301F-11D3-BF4B-00C04F79EFBC}") = "MaosAObra02", "MaosAObra02\MaosAObra02.csproj", "{D7B627A7-0977-497C-A5FE-BE71A391312F}"
EndProject
Global
	GlobalSection(SolutionConfigurationPlatforms) = preSolution
		Debug|Any CPU = Debug|Any CPU
		Release|Any CPU = Release|Any CPU
	EndGlobalSection
	GlobalSection(ProjectConfigurationPlatforms) = postSolution
		{D7B627A7-0977-497C-A5FE-BE71A391312F}.Debug|Any CPU.ActiveCfg = Debug|Any CPU
		{D7B627A7-0977-497C-A5FE-BE71A391312F}.Debug|Any CPU.Build.0 = Debug|Any CPU
		{D7B627A7-0977-497C-A5FE-BE71A391312F}.Release|Any CPU.ActiveCfg = Release|Any CPU
		{D7B627A7-0977-497C-A5FE-BE71A391312F}.Release|Any CPU.Build.0 = Release|Any CPU
	EndGlobalSection
	GlobalSection(SolutionProperties) = preSolution
		HideSolutionNode = FALSE
	EndGlobalSection
	GlobalSection(ExtensibilityGlobals) = postSolution
		SolutionGuid = {449AC6DC-995D-4EB0-9BA9-D1EA8839CF26}
	EndGlobalSection
EndGlobal
