
Microsoft Visual Studio Solution File, Format Version 12.00
# Visual Studio Version 16
VisualStudioVersion = 16.0.31229.75
MinimumVisualStudioVersion = 10.0.40219.1
Project("{FAE04EC0-301F-11D3-BF4B-00C04F79EFBC}") = "TesteEntityFramework", "TesteEntityFramework\TesteEntityFramework.csproj", "{DFACA9B9-E25B-4903-9024-505CF43A03A3}"
EndProject
Global
	GlobalSection(SolutionConfigurationPlatforms) = preSolution
		Debug|Any CPU = Debug|Any CPU
		Release|Any CPU = Release|Any CPU
	EndGlobalSection
	GlobalSection(ProjectConfigurationPlatforms) = postSolution
		{DFACA9B9-E25B-4903-9024-505CF43A03A3}.Debug|Any CPU.ActiveCfg = Debug|Any CPU
		{DFACA9B9-E25B-4903-9024-505CF43A03A3}.Debug|Any CPU.Build.0 = Debug|Any CPU
		{DFACA9B9-E25B-4903-9024-505CF43A03A3}.Release|Any CPU.ActiveCfg = Release|Any CPU
		{DFACA9B9-E25B-4903-9024-505CF43A03A3}.Release|Any CPU.Build.0 = Release|Any CPU
	EndGlobalSection
	GlobalSection(SolutionProperties) = preSolution
		HideSolutionNode = FALSE
	EndGlobalSection
	GlobalSection(ExtensibilityGlobals) = postSolution
		SolutionGuid = {345E82C6-FD96-496C-B9CE-119A20E6DD58}
	EndGlobalSection
EndGlobal
